
Microsoft Visual Studio Solution File, Format Version 12.00
# Visual Studio Version 17
VisualStudioVersion = 17.2.32526.322
MinimumVisualStudioVersion = 10.0.40219.1
Project("{FAE04EC0-301F-11D3-BF4B-00C04F79EFBC}") = "SCG.DIST.WEBCOMPLAINT.APPLICATION", "SCG.DIST.WEBCOMPLAINT.APPLICATION\SCG.DIST.WEBCOMPLAINT.APPLICATION.csproj", "{4CFD352F-EC1E-46F9-824F-90D1D3828364}"
EndProject
Project("{9A19103F-16F7-4668-BE54-9A1E7A4F7556}") = "SCG.DIST.WEBCOMPLAINT.DOMAIN", "SCG.DIST.WEBCOMPLAINT.DOMAIN\SCG.DIST.WEBCOMPLAINT.DOMAIN.csproj", "{A6D6B241-9466-4B03-B3D3-918BA1344705}"
EndProject
Project("{9A19103F-16F7-4668-BE54-9A1E7A4F7556}") = "SCG.DIST.WEBCOMPLAINT.INFRASTRUCTURE", "SCG.DIST.WEBCOMPLAINT.INFRASTRUCTURE\SCG.DIST.WEBCOMPLAINT.INFRASTRUCTURE.csproj", "{12645B0C-C146-4FDD-BBC6-C05EA02C3390}"
EndProject
Project("{9A19103F-16F7-4668-BE54-9A1E7A4F7556}") = "SCG.DIST.WEBCOMPLAINT.SHAREDKERNEL", "SCG.DIST.WEBCOMPLAINT.SHAREDKERNEL\SCG.DIST.WEBCOMPLAINT.SHAREDKERNEL.csproj", "{7472509F-6678-4BD3-8885-9B01A2964459}"
EndProject
Project("{FAE04EC0-301F-11D3-BF4B-00C04F79EFBC}") = "SCG.DIST.WEBCOMPLAINT.API", "SCG.DIST.WEBCOMPLAINT.API\SCG.DIST.WEBCOMPLAINT.API.csproj", "{7A2D6071-9BD3-4E29-AEE5-ADA1770991D6}"
EndProject
Global
	GlobalSection(SolutionConfigurationPlatforms) = preSolution
		Debug|Any CPU = Debug|Any CPU
		Release|Any CPU = Release|Any CPU
	EndGlobalSection
	GlobalSection(ProjectConfigurationPlatforms) = postSolution
		{4CFD352F-EC1E-46F9-824F-90D1D3828364}.Debug|Any CPU.ActiveCfg = Debug|Any CPU
		{4CFD352F-EC1E-46F9-824F-90D1D3828364}.Debug|Any CPU.Build.0 = Debug|Any CPU
		{4CFD352F-EC1E-46F9-824F-90D1D3828364}.Release|Any CPU.ActiveCfg = Release|Any CPU
		{4CFD352F-EC1E-46F9-824F-90D1D3828364}.Release|Any CPU.Build.0 = Release|Any CPU
		{A6D6B241-9466-4B03-B3D3-918BA1344705}.Debug|Any CPU.ActiveCfg = Debug|Any CPU
		{A6D6B241-9466-4B03-B3D3-918BA1344705}.Debug|Any CPU.Build.0 = Debug|Any CPU
		{A6D6B241-9466-4B03-B3D3-918BA1344705}.Release|Any CPU.ActiveCfg = Release|Any CPU
		{A6D6B241-9466-4B03-B3D3-918BA1344705}.Release|Any CPU.Build.0 = Release|Any CPU
		{12645B0C-C146-4FDD-BBC6-C05EA02C3390}.Debug|Any CPU.ActiveCfg = Debug|Any CPU
		{12645B0C-C146-4FDD-BBC6-C05EA02C3390}.Debug|Any CPU.Build.0 = Debug|Any CPU
		{12645B0C-C146-4FDD-BBC6-C05EA02C3390}.Release|Any CPU.ActiveCfg = Release|Any CPU
		{12645B0C-C146-4FDD-BBC6-C05EA02C3390}.Release|Any CPU.Build.0 = Release|Any CPU
		{7472509F-6678-4BD3-8885-9B01A2964459}.Debug|Any CPU.ActiveCfg = Debug|Any CPU
		{7472509F-6678-4BD3-8885-9B01A2964459}.Debug|Any CPU.Build.0 = Debug|Any CPU
		{7472509F-6678-4BD3-8885-9B01A2964459}.Release|Any CPU.ActiveCfg = Release|Any CPU
		{7472509F-6678-4BD3-8885-9B01A2964459}.Release|Any CPU.Build.0 = Release|Any CPU
		{7A2D6071-9BD3-4E29-AEE5-ADA1770991D6}.Debug|Any CPU.ActiveCfg = Debug|Any CPU
		{7A2D6071-9BD3-4E29-AEE5-ADA1770991D6}.Debug|Any CPU.Build.0 = Debug|Any CPU
		{7A2D6071-9BD3-4E29-AEE5-ADA1770991D6}.Release|Any CPU.ActiveCfg = Release|Any CPU
		{7A2D6071-9BD3-4E29-AEE5-ADA1770991D6}.Release|Any CPU.Build.0 = Release|Any CPU
	EndGlobalSection
	GlobalSection(SolutionProperties) = preSolution
		HideSolutionNode = FALSE
	EndGlobalSection
	GlobalSection(ExtensibilityGlobals) = postSolution
		SolutionGuid = {383125F3-05E6-4192-84F7-DD55DE6A6C1D}
	EndGlobalSection
EndGlobal
